// !$*UTF8*$!
{
	archiveVersion = 1;
	classes = {
	};
	objectVersion = 46;
	objects = {

/* Begin PBXBuildFile section */
		1E7A97691DA2965400070011 /* AppDelegate.swift in Sources */ = {isa = PBXBuildFile; fileRef = 1E7A97681DA2965400070011 /* AppDelegate.swift */; };
		1E7A976B1DA2965400070011 /* ViewController.swift in Sources */ = {isa = PBXBuildFile; fileRef = 1E7A976A1DA2965400070011 /* ViewController.swift */; };
		1E7A976E1DA2965400070011 /* Main.storyboard in Resources */ = {isa = PBXBuildFile; fileRef = 1E7A976C1DA2965400070011 /* Main.storyboard */; };
		1E7A97701DA2965400070011 /* Assets.xcassets in Resources */ = {isa = PBXBuildFile; fileRef = 1E7A976F1DA2965400070011 /* Assets.xcassets */; };
		1E7A97731DA2965400070011 /* LaunchScreen.storyboard in Resources */ = {isa = PBXBuildFile; fileRef = 1E7A97711DA2965400070011 /* LaunchScreen.storyboard */; };
		1E7A977D1DA2999F00070011 /* NewControllerFile.swift in Sources */ = {isa = PBXBuildFile; fileRef = 1E7A977C1DA2999F00070011 /* NewControllerFile.swift */; };
/* End PBXBuildFile section */

/* Begin PBXFileReference section */
		1E7A97651DA2965400070011 /* Kyle Adams Transitions.app */ = {isa = PBXFileReference; explicitFileType = wrapper.application; includeInIndex = 0; path = "Kyle Adams Transitions.app"; sourceTree = BUILT_PRODUCTS_DIR; };
		1E7A97681DA2965400070011 /* AppDelegate.swift */ = {isa = PBXFileReference; lastKnownFileType = sourcecode.swift; path = AppDelegate.swift; sourceTree = "<group>"; };
		1E7A976A1DA2965400070011 /* ViewController.swift */ = {isa = PBXFileReference; lastKnownFileType = sourcecode.swift; path = ViewController.swift; sourceTree = "<group>"; };
		1E7A976D1DA2965400070011 /* Base */ = {isa = PBXFileReference; lastKnownFileType = file.storyboard; name = Base; path = Base.lproj/Main.storyboard; sourceTree = "<group>"; };
		1E7A976F1DA2965400070011 /* Assets.xcassets */ = {isa = PBXFileReference; lastKnownFileType = folder.assetcatalog; path = Assets.xcassets; sourceTree = "<group>"; };
		1E7A97721DA2965400070011 /* Base */ = {isa = PBXFileReference; lastKnownFileType = file.storyboard; name = Base; path = Base.lproj/LaunchScreen.storyboard; sourceTree = "<group>"; };
		1E7A97741DA2965400070011 /* Info.plist */ = {isa = PBXFileReference; lastKnownFileType = text.plist.xml; path = Info.plist; sourceTree = "<group>"; };
		1E7A977C1DA2999F00070011 /* NewControllerFile.swift */ = {isa = PBXFileReference; fileEncoding = 4; lastKnownFileType = sourcecode.swift; path = NewControllerFile.swift; sourceTree = "<group>"; };
/* End PBXFileReference section */

/* Begin PBXFrameworksBuildPhase section */
		1E7A97621DA2965400070011 /* Frameworks */ = {
			isa = PBXFrameworksBuildPhase;
			buildActionMask = 2147483647;
			files = (
			);
			runOnlyForDeploymentPostprocessing = 0;
		};
/* End PBXFrameworksBuildPhase section */

/* Begin PBXGroup section */
		1E7A975C1DA2965400070011 = {
			isa = PBXGroup;
			children = (
				1E7A97671DA2965400070011 /* Kyle Adams Transitions */,
				1E7A97661DA2965400070011 /* Products */,
			);
			sourceTree = "<group>";
		};
		1E7A97661DA2965400070011 /* Products */ = {
			isa = PBXGroup;
			children = (
				1E7A97651DA2965400070011 /* Kyle Adams Transitions.app */,
			);
			name = Products;
			sourceTree = "<group>";
		};
		1E7A97671DA2965400070011 /* Kyle Adams Transitions */ = {
			isa = PBXGroup;
			children = (
				1E7A977A1DA2988B00070011 /* Controller */,
				1E7A977B1DA298A600070011 /* View */,
				1E7A976F1DA2965400070011 /* Assets.xcassets */,
				1E7A97741DA2965400070011 /* Info.plist */,
			);
			path = "Kyle Adams Transitions";
			sourceTree = "<group>";
		};
		1E7A977A1DA2988B00070011 /* Controller */ = {
			isa = PBXGroup;
			children = (
				1E7A97681DA2965400070011 /* AppDelegate.swift */,
				1E7A976A1DA2965400070011 /* ViewController.swift */,
				1E7A977C1DA2999F00070011 /* NewControllerFile.swift */,
			);
			name = Controller;
			sourceTree = "<group>";
		};
		1E7A977B1DA298A600070011 /* View */ = {
			isa = PBXGroup;
			children = (
				1E7A976C1DA2965400070011 /* Main.storyboard */,
				1E7A97711DA2965400070011 /* LaunchScreen.storyboard */,
			);
			name = View;
			sourceTree = "<group>";
		};
/* End PBXGroup section */

/* Begin PBXNativeTarget section */
		1E7A97641DA2965400070011 /* Kyle Adams Transitions */ = {
			isa = PBXNativeTarget;
			buildConfigurationList = 1E7A97771DA2965400070011 /* Build configuration list for PBXNativeTarget "Kyle Adams Transitions" */;
			buildPhases = (
				1E7A97611DA2965400070011 /* Sources */,
				1E7A97621DA2965400070011 /* Frameworks */,
				1E7A97631DA2965400070011 /* Resources */,
			);
			buildRules = (
			);
			dependencies = (
			);
			name = "Kyle Adams Transitions";
			productName = "Kyle Adams Transitions";
			productReference = 1E7A97651DA2965400070011 /* Kyle Adams Transitions.app */;
			productType = "com.apple.product-type.application";
		};
/* End PBXNativeTarget section */

/* Begin PBXProject section */
		1E7A975D1DA2965400070011 /* Project object */ = {
			isa = PBXProject;
			attributes = {
				LastSwiftUpdateCheck = 0720;
				LastUpgradeCheck = 0720;
				ORGANIZATIONNAME = "Adams, Kyle";
				TargetAttributes = {
					1E7A97641DA2965400070011 = {
						CreatedOnToolsVersion = 7.2;
					};
				};
			};
			buildConfigurationList = 1E7A97601DA2965400070011 /* Build configuration list for PBXProject "Kyle Adams Transitions" */;
			compatibilityVersion = "Xcode 3.2";
			developmentRegion = English;
			hasScannedForEncodings = 0;
			knownRegions = (
				en,
				Base,
			);
			mainGroup = 1E7A975C1DA2965400070011;
			productRefGroup = 1E7A97661DA2965400070011 /* Products */;
			projectDirPath = "";
			projectRoot = "";
			targets = (
				1E7A97641DA2965400070011 /* Kyle Adams Transitions */,
			);
		};
/* End PBXProject section */

/* Begin PBXResourcesBuildPhase section */
		1E7A97631DA2965400070011 /* Resources */ = {
			isa = PBXResourcesBuildPhase;
			buildActionMask = 2147483647;
			files = (
				1E7A97731DA2965400070011 /* LaunchScreen.storyboard in Resources */,
				1E7A97701DA2965400070011 /* Assets.xcassets in Resources */,
				1E7A976E1DA2965400070011 /* Main.storyboard in Resources */,
			);
			runOnlyForDeploymentPostprocessing = 0;
		};
/* End PBXResourcesBuildPhase section */

/* Begin PBXSourcesBuildPhase section */
		1E7A97611DA2965400070011 /* Sources */ = {
			isa = PBXSourcesBuildPhase;
			buildActionMask = 2147483647;
			files = (
				1E7A976B1DA2965400070011 /* ViewController.swift in Sources */,
				1E7A977D1DA2999F00070011 /* NewControllerFile.swift in Sources */,
				1E7A97691DA2965400070011 /* AppDelegate.swift in Sources */,
			);
			runOnlyForDeploymentPostprocessing = 0;
		};
/* End PBXSourcesBuildPhase section */

/* Begin PBXVariantGroup section */
		1E7A976C1DA2965400070011 /* Main.storyboard */ = {
			isa = PBXVariantGroup;
			children = (
				1E7A976D1DA2965400070011 /* Base */,
			);
			name = Main.storyboard;
			sourceTree = "<group>";
		};
		1E7A97711DA2965400070011 /* LaunchScreen.storyboard */ = {
			isa = PBXVariantGroup;
			children = (
				1E7A97721DA2965400070011 /* Base */,
			);
			name = LaunchScreen.storyboard;
			sourceTree = "<group>";
		};
/* End PBXVariantGroup section */

/* Begin XCBuildConfiguration section */
		1E7A97751DA2965400070011 /* Debug */ = {
			isa = XCBuildConfiguration;
			buildSettings = {
				ALWAYS_SEARCH_USER_PATHS = NO;
				CLANG_CXX_LANGUAGE_STANDARD = "gnu++0x";
				CLANG_CXX_LIBRARY = "libc++";
				CLANG_ENABLE_MODULES = YES;
				CLANG_ENABLE_OBJC_ARC = YES;
				CLANG_WARN_BOOL_CONVERSION = YES;
				CLANG_WARN_CONSTANT_CONVERSION = YES;
				CLANG_WARN_DIRECT_OBJC_ISA_USAGE = YES_ERROR;
				CLANG_WARN_EMPTY_BODY = YES;
				CLANG_WARN_ENUM_CONVERSION = YES;
				CLANG_WARN_INT_CONVERSION = YES;
				CLANG_WARN_OBJC_ROOT_CLASS = YES_ERROR;
				CLANG_WARN_UNREACHABLE_CODE = YES;
				CLANG_WARN__DUPLICATE_METHOD_MATCH = YES;
				"CODE_SIGN_IDENTITY[sdk=iphoneos*]" = "iPhone Developer";
				COPY_PHASE_STRIP = NO;
				DEBUG_INFORMATION_FORMAT = dwarf;
				ENABLE_STRICT_OBJC_MSGSEND = YES;
				ENABLE_TESTABILITY = YES;
				GCC_C_LANGUAGE_STANDARD = gnu99;
				GCC_DYNAMIC_NO_PIC = NO;
				GCC_NO_COMMON_BLOCKS = YES;
				GCC_OPTIMIZATION_LEVEL = 0;
				GCC_PREPROCESSOR_DEFINITIONS = (
					"DEBUG=1",
					"$(inherited)",
				);
				GCC_WARN_64_TO_32_BIT_CONVERSION = YES;
				GCC_WARN_ABOUT_RETURN_TYPE = YES_ERROR;
				GCC_WARN_UNDECLARED_SELECTOR = YES;
				GCC_WARN_UNINITIALIZED_AUTOS = YES_AGGRESSIVE;
				GCC_WARN_UNUSED_FUNCTION = YES;
				GCC_WARN_UNUSED_VARIABLE = YES;
				IPHONEOS_DEPLOYMENT_TARGET = 9.2;
				MTL_ENABLE_DEBUG_INFO = YES;
				ONLY_ACTIVE_ARCH = YES;
				SDKROOT = iphoneos;
				SWIFT_OPTIMIZATION_LEVEL = "-Onone";
				TARGETED_DEVICE_FAMILY = "1,2";
			};
			name = Debug;
		};
		1E7A97761DA2965400070011 /* Release */ = {
			isa = XCBuildConfiguration;
			buildSettings = {
				ALWAYS_SEARCH_USER_PATHS = NO;
				CLANG_CXX_LANGUAGE_STANDARD = "gnu++0x";
				CLANG_CXX_LIBRARY = "libc++";
				CLANG_ENABLE_MODULES = YES;
				CLANG_ENABLE_OBJC_ARC = YES;
				CLANG_WARN_BOOL_CONVERSION = YES;
				CLANG_WARN_CONSTANT_CONVERSION = YES;
				CLANG_WARN_DIRECT_OBJC_ISA_USAGE = YES_ERROR;
				CLANG_WARN_EMPTY_BODY = YES;
				CLANG_WARN_ENUM_CONVERSION = YES;
				CLANG_WARN_INT_CONVERSION = YES;
				CLANG_WARN_OBJC_ROOT_CLASS = YES_ERROR;
				CLANG_WARN_UNREACHABLE_CODE = YES;
				CLANG_WARN__DUPLICATE_METHOD_MATCH = YES;
				"CODE_SIGN_IDENTITY[sdk=iphoneos*]" = "iPhone Developer";
				COPY_PHASE_STRIP = NO;
				DEBUG_INFORMATION_FORMAT = "dwarf-with-dsym";
				ENABLE_NS_ASSERTIONS = NO;
				ENABLE_STRICT_OBJC_MSGSEND = YES;
				GCC_C_LANGUAGE_STANDARD = gnu99;
				GCC_NO_COMMON_BLOCKS = YES;
				GCC_WARN_64_TO_32_BIT_CONVERSION = YES;
				GCC_WARN_ABOUT_RETURN_TYPE = YES_ERROR;
				GCC_WARN_UNDECLARED_SELECTOR = YES;
				GCC_WARN_UNINITIALIZED_AUTOS = YES_AGGRESSIVE;
				GCC_WARN_UNUSED_FUNCTION = YES;
				GCC_WARN_UNUSED_VARIABLE = YES;
				IPHONEOS_DEPLOYMENT_TARGET = 9.2;
				MTL_ENABLE_DEBUG_INFO = NO;
				SDKROOT = iphoneos;
				TARGETED_DEVICE_FAMILY = "1,2";
				VALIDATE_PRODUCT = YES;
			};
			name = Release;
		};
		1E7A97781DA2965400070011 /* Debug */ = {
			isa = XCBuildConfiguration;
			buildSettings = {
				ASSETCATALOG_COMPILER_APPICON_NAME = AppIcon;
				INFOPLIST_FILE = "Kyle Adams Transitions/Info.plist";
				LD_RUNPATH_SEARCH_PATHS = "$(inherited) @executable_path/Frameworks";
				PRODUCT_BUNDLE_IDENTIFIER = "CTEC.Kyle-Adams-Transitions";
				PRODUCT_NAME = "$(TARGET_NAME)";
			};
			name = Debug;
		};
		1E7A97791DA2965400070011 /* Release */ = {
			isa = XCBuildConfiguration;
			buildSettings = {
				ASSETCATALOG_COMPILER_APPICON_NAME = AppIcon;
				INFOPLIST_FILE = "Kyle Adams Transitions/Info.plist";
				LD_RUNPATH_SEARCH_PATHS = "$(inherited) @executable_path/Frameworks";
				PRODUCT_BUNDLE_IDENTIFIER = "CTEC.Kyle-Adams-Transitions";
				PRODUCT_NAME = "$(TARGET_NAME)";
			};
			name = Release;
		};
/* End XCBuildConfiguration section */

/* Begin XCConfigurationList section */
		1E7A97601DA2965400070011 /* Build configuration list for PBXProject "Kyle Adams Transitions" */ = {
			isa = XCConfigurationList;
			buildConfigurations = (
				1E7A97751DA2965400070011 /* Debug */,
				1E7A97761DA2965400070011 /* Release */,
			);
			defaultConfigurationIsVisible = 0;
			defaultConfigurationName = Release;
		};
		1E7A97771DA2965400070011 /* Build configuration list for PBXNativeTarget "Kyle Adams Transitions" */ = {
			isa = XCConfigurationList;
			buildConfigurations = (
				1E7A97781DA2965400070011 /* Debug */,
				1E7A97791DA2965400070011 /* Release */,
			);
			defaultConfigurationIsVisible = 0;
		};
/* End XCConfigurationList section */
	};
	rootObject = 1E7A975D1DA2965400070011 /* Project object */;
}
